<?xml version="1.0" encoding="utf-8"?>
<Project ToolsVersion="4.0" xmlns="http://schemas.microsoft.com/developer/msbuild/2003">
  <ItemGroup>
    <Filter Include="Source Files">
      <UniqueIdentifier>{83fc17da-f682-4995-89f9-b381003a97e6}</UniqueIdentifier>
      <Extensions>cpp;c;cxx;rc;def;r;odl;idl;hpj;bat;f90;for;f;fpp</Extensions>
    </Filter>
    <Filter Include="Header Files">
      <UniqueIdentifier>{22172007-0983-4279-99e4-c8d5a8b65f3a}</UniqueIdentifier>
      <Extensions>h;hpp;hxx;hm;inl;fi;fd</Extensions>
    </Filter>
    <Filter Include="Resource Files">
      <UniqueIdentifier>{f350d142-a24a-4d47-9614-6aebafcc1f1f}</UniqueIdentifier>
      <Extensions>ico;cur;bmp;dlg;rc2;rct;bin;rgs;gif;jpg;jpeg;jpe</Extensions>
    </Filter>
  </ItemGroup>
  <ItemGroup>
    <CustomBuild Include="main.for">
      <Filter>Source Files</Filter>
    </CustomBuild>
    <CustomBuild Include="Cteq6Pdf-2010.f">
      <Filter>Header Files</Filter>
    </CustomBuild>
    <CustomBuild Include="hanlib.f">
      <Filter>Header Files</Filter>
    </CustomBuild>
  </ItemGroup>
</Project>